{
  "originHash" : "4fcec9bbd3f6339677982f531f06fdbf7a28649cd8929224ba70b54e4cf59bc0",
  "pins" : [
    {
      "identity" : "anycodable",
      "kind" : "remoteSourceControl",
      "location" : "https://github.com/Flight-School/AnyCodable",
      "state" : {
        "revision" : "862808b2070cd908cb04f9aafe7de83d35f81b05",
        "version" : "0.6.7"
      }
    },
    {
      "identity" : "valhalla-openapi-models-swift",
      "kind" : "remoteSourceControl",
      "location" : "https://github.com/nortiz1349/valhalla-openapi-models-swift.git",
      "state" : {
        "revision" : "dcba979b446bee32a1aeb09fe87b36c20ba694ca",
        "version" : "0.0.7"
      }
    }
  ],
  "version" : 3
}
